{
    "_meta": {
        "hash": {
            "sha256": "11a5e04357824c1c76924eb36e1e5db30e40806708be1d138254ea0acd5c7e64"
        },
        "pipfile-spec": 6,
        "requires": {
            "python_version": "3.6"
        },
        "sources": [
            {
                "name": "pypi",
                "url": "https://pypi.org/simple",
                "verify_ssl": true
            }
        ]
    },
    "default": {
        "absl-py": {
            "hashes": [
                "sha256:62bd4e248ddb19d81aec8f9446b407ff37c8175c2ba88266a7afa9b4ce4a333b",
                "sha256:6953272383486044699fd0e9f00aad167a27e08ce19aae66c6c4b10e7e767793"
            ],
            "version": "==0.13.0"
        },
        "astunparse": {
            "hashes": [
                "sha256:5ad93a8456f0d084c3456d059fd9a92cce667963232cbf763eac3bc5b7940872",
                "sha256:c2652417f2c8b5bb325c885ae329bdf3f86424075c4fd1a128674bc6fba4b8e8"
            ],
            "version": "==1.6.3"
        },
        "cachetools": {
            "hashes": [
                "sha256:2cc0b89715337ab6dbba85b5b50effe2b0c74e035d83ee8ed637cf52f12ae001",
                "sha256:61b5ed1e22a0924aed1d23b478f37e8d52549ff8a961de2909c69bf950020cff"
            ],
            "markers": "python_version ~= '3.5'",
            "version": "==4.2.2"
        },
        "certifi": {
            "hashes": [
                "sha256:2bbf76fd432960138b3ef6dda3dde0544f27cbf8546c458e60baf371917ba9ee",
                "sha256:50b1e4f8446b06f41be7dd6338db18e0990601dce795c2b1686458aa7e8fa7d8"
            ],
            "version": "==2021.5.30"
        },
        "charset-normalizer": {
            "hashes": [
                "sha256:88fce3fa5b1a84fdcb3f603d889f723d1dd89b26059d0123ca435570e848d5e1",
                "sha256:c46c3ace2d744cfbdebceaa3c19ae691f53ae621b39fd7570f59d14fb7f2fd12"
            ],
            "markers": "python_version >= '3'",
            "version": "==2.0.3"
        },
        "dataclasses": {
            "hashes": [
                "sha256:0201d89fa866f68c8ebd9d08ee6ff50c0b255f8ec63a71c16fda7af82bb887bf",
                "sha256:8479067f342acf957dc82ec415d355ab5edb7e7646b90dc6e2fd1d96ad084c97"
            ],
            "markers": "python_version < '3.7'",
            "version": "==0.8"
        },
        "dlib": {
            "hashes": [
                "sha256:e79d8e14171b8446d6b5434d7dc3b44a23ca05c8f99266acaf731cc7b268edb6"
            ],
            "index": "pypi",
            "version": "==19.21.0"
        },
        "evdev": {
            "hashes": [
                "sha256:8782740eb1a86b187334c07feb5127d3faa0b236e113206dfe3ae8f77fb1aaf1"
            ],
            "markers": "'linux' in sys_platform",
            "version": "==1.4.0"
        },
        "flatbuffers": {
            "hashes": [
                "sha256:63bb9a722d5e373701913e226135b28a6f6ac200d5cc7b4d919fa38d73b44610",
                "sha256:9e9ef47fa92625c4721036e7c4124182668dc6021d9e7c73704edd395648deb9"
            ],
            "version": "==1.12"
        },
        "gast": {
            "hashes": [
                "sha256:8f46f5be57ae6889a4e16e2ca113b1703ef17f2b0abceb83793eaba9e1351a45",
                "sha256:b881ef288a49aa81440d2c5eb8aeefd4c2bb8993d5f50edae7413a85bfdb3b57"
            ],
            "markers": "python_version >= '2.7' and python_version not in '3.0, 3.1, 3.2, 3.3'",
            "version": "==0.3.3"
        },
        "google-auth": {
            "hashes": [
                "sha256:9bd25d835c01ca3dd9045ea0b50f036e3fe3868ee2c5a9773a661925bbdf46ca",
                "sha256:a756a33978fac611e4f00b69715b80e35467c30cc6262132d29d33a0e398ac55"
            ],
            "markers": "python_version >= '2.7' and python_version not in '3.0, 3.1, 3.2, 3.3, 3.4, 3.5'",
            "version": "==1.33.0"
        },
        "google-auth-oauthlib": {
            "hashes": [
                "sha256:09832c6e75032f93818edf1affe4746121d640c625a5bef9b5c96af676e98eee",
                "sha256:0e92aacacfb94978de3b7972cf4b0f204c3cd206f74ddd0dc0b31e91164e6317"
            ],
            "markers": "python_version >= '3.6'",
            "version": "==0.4.4"
        },
        "google-pasta": {
            "hashes": [
                "sha256:4612951da876b1a10fe3960d7226f0c7682cf901e16ac06e473b267a5afa8954",
                "sha256:b32482794a366b5366a32c92a9a9201b107821889935a02b3e51f6b432ea84ed",
                "sha256:c9f2c8dfc8f96d0d5808299920721be30c9eec37f2389f28904f454565c8a16e"
            ],
            "version": "==0.2.0"
        },
        "grpcio": {
            "hashes": [
                "sha256:01d3046fe980be25796d368f8fc5ff34b7cf5e1444f3789a017a7fe794465639",
                "sha256:07b430fa68e5eecd78e2ad529ab80f6a234b55fc1b675fe47335ccbf64c6c6c8",
                "sha256:0e3edd8cdb71809d2455b9dbff66b4dd3d36c321e64bfa047da5afdfb0db332b",
                "sha256:0f3f09269ffd3fded430cd89ba2397eabbf7e47be93983b25c187cdfebb302a7",
                "sha256:1376a60f9bfce781b39973f100b5f67e657b5be479f2fd8a7d2a408fc61c085c",
                "sha256:14c0f017bfebbc18139551111ac58ecbde11f4bc375b73a53af38927d60308b6",
                "sha256:182c64ade34c341398bf71ec0975613970feb175090760ab4f51d1e9a5424f05",
                "sha256:1ada89326a364a299527c7962e5c362dbae58c67b283fe8383c4d952b26565d5",
                "sha256:1ce6f5ff4f4a548c502d5237a071fa617115df58ea4b7bd41dac77c1ab126e9c",
                "sha256:1d384a61f96a1fc6d5d3e0b62b0a859abc8d4c3f6d16daba51ebf253a3e7df5d",
                "sha256:25959a651420dd4a6fd7d3e8dee53f4f5fd8c56336a64963428e78b276389a59",
                "sha256:28677f057e2ef11501860a7bc15de12091d40b95dd0fddab3c37ff1542e6b216",
                "sha256:378fe80ec5d9353548eb2a8a43ea03747a80f2e387c4f177f2b3ff6c7d898753",
                "sha256:3afb058b6929eba07dba9ae6c5b555aa1d88cb140187d78cc510bd72d0329f28",
                "sha256:4396b1d0f388ae875eaf6dc05cdcb612c950fd9355bc34d38b90aaa0665a0d4b",
                "sha256:4775bc35af9cd3b5033700388deac2e1d611fa45f4a8dcb93667d94cb25f0444",
                "sha256:5bddf9d53c8df70061916c3bfd2f468ccf26c348bb0fb6211531d895ed5e4c72",
                "sha256:6d869a3e8e62562b48214de95e9231c97c53caa7172802236cd5d60140d7cddd",
                "sha256:6f7947dad606c509d067e5b91a92b250aa0530162ab99e4737090f6b17eb12c4",
                "sha256:7cda998b7b551503beefc38db9be18c878cfb1596e1418647687575cdefa9273",
                "sha256:99bac0e2c820bf446662365df65841f0c2a55b0e2c419db86eaf5d162ddae73e",
                "sha256:9c0d8f2346c842088b8cbe3e14985b36e5191a34bf79279ba321a4bf69bd88b7",
                "sha256:a8004b34f600a8a51785e46859cd88f3386ef67cccd1cfc7598e3d317608c643",
                "sha256:ac7028d363d2395f3d755166d0161556a3f99500a5b44890421ccfaaf2aaeb08",
                "sha256:be98e3198ec765d0a1e27f69d760f69374ded8a33b953dcfe790127731f7e690",
                "sha256:c31e8a219650ddae1cd02f5a169e1bffe66a429a8255d3ab29e9363c73003b62",
                "sha256:c4966d746dccb639ef93f13560acbe9630681c07f2b320b7ec03fe2c8f0a1f15",
                "sha256:c58825a3d8634cd634d8f869afddd4d5742bdb59d594aea4cea17b8f39269a55",
                "sha256:ce617e1c4a39131f8527964ac9e700eb199484937d7a0b3e52655a3ba50d5fb9",
                "sha256:e28e4c0d4231beda5dee94808e3a224d85cbaba3cfad05f2192e6f4ec5318053",
                "sha256:e467af6bb8f5843f5a441e124b43474715cfb3981264e7cd227343e826dcc3ce",
                "sha256:e6786f6f7be0937614577edcab886ddce91b7c1ea972a07ef9972e9f9ecbbb78",
                "sha256:e811ce5c387256609d56559d944a974cc6934a8eea8c76e7c86ec388dc06192d",
                "sha256:ec10d5f680b8e95a06f1367d73c5ddcc0ed04a3f38d6e4c9346988fb0cea2ffa",
                "sha256:ef9bd7fdfc0a063b4ed0efcab7906df5cae9bbcf79d05c583daa2eba56752b00",
                "sha256:f03dfefa9075dd1c6c5cc27b1285c521434643b09338d8b29e1d6a27b386aa82",
                "sha256:f12900be4c3fd2145ba94ab0d80b7c3d71c9e6414cfee2f31b1c20188b5c281f",
                "sha256:f53f2dfc8ff9a58a993e414a016c8b21af333955ae83960454ad91798d467c7b",
                "sha256:f7d508691301027033215d3662dab7e178f54d5cca2329f26a71ae175d94b83f"
            ],
            "version": "==1.32.0"
        },
        "h5py": {
            "hashes": [
                "sha256:063947eaed5f271679ed4ffa36bb96f57bc14f44dd4336a827d9a02702e6ce6b",
                "sha256:13c87efa24768a5e24e360a40e0bc4c49bcb7ce1bb13a3a7f9902cec302ccd36",
                "sha256:16ead3c57141101e3296ebeed79c9c143c32bdd0e82a61a2fc67e8e6d493e9d1",
                "sha256:3dad1730b6470fad853ef56d755d06bb916ee68a3d8272b3bab0c1ddf83bb99e",
                "sha256:51ae56894c6c93159086ffa2c94b5b3388c0400548ab26555c143e7cfa05b8e5",
                "sha256:54817b696e87eb9e403e42643305f142cd8b940fe9b3b490bbf98c3b8a894cf4",
                "sha256:549ad124df27c056b2e255ea1c44d30fb7a17d17676d03096ad5cd85edb32dc1",
                "sha256:64f74da4a1dd0d2042e7d04cf8294e04ddad686f8eba9bb79e517ae582f6668d",
                "sha256:6998be619c695910cb0effe5eb15d3a511d3d1a5d217d4bd0bebad1151ec2262",
                "sha256:6ef7ab1089e3ef53ca099038f3c0a94d03e3560e6aff0e9d6c64c55fb13fc681",
                "sha256:769e141512b54dee14ec76ed354fcacfc7d97fea5a7646b709f7400cf1838630",
                "sha256:79b23f47c6524d61f899254f5cd5e486e19868f1823298bc0c29d345c2447172",
                "sha256:7be5754a159236e95bd196419485343e2b5875e806fe68919e087b6351f40a70",
                "sha256:84412798925dc870ffd7107f045d7659e60f5d46d1c70c700375248bf6bf512d",
                "sha256:86868dc07b9cc8cb7627372a2e6636cdc7a53b7e2854ad020c9e9d8a4d3fd0f5",
                "sha256:8bb1d2de101f39743f91512a9750fb6c351c032e5cd3204b4487383e34da7f75",
                "sha256:a5f82cd4938ff8761d9760af3274acf55afc3c91c649c50ab18fcff5510a14a5",
                "sha256:aac4b57097ac29089f179bbc2a6e14102dd210618e94d77ee4831c65f82f17c0",
                "sha256:bffbc48331b4a801d2f4b7dac8a72609f0b10e6e516e5c480a3e3241e091c878",
                "sha256:c0d4b04bbf96c47b6d360cd06939e72def512b20a18a8547fa4af810258355d5",
                "sha256:c54a2c0dd4957776ace7f95879d81582298c5daf89e77fb8bee7378f132951de",
                "sha256:cbf28ae4b5af0f05aa6e7551cee304f1d317dbed1eb7ac1d827cee2f1ef97a99",
                "sha256:d35f7a3a6cefec82bfdad2785e78359a0e6a5fbb3f605dd5623ce88082ccd681",
                "sha256:d3c59549f90a891691991c17f8e58c8544060fdf3ccdea267100fa5f561ff62f",
                "sha256:d7ae7a0576b06cb8e8a1c265a8bc4b73d05fdee6429bffc9a26a6eb531e79d72",
                "sha256:ecf4d0b56ee394a0984de15bceeb97cbe1fe485f1ac205121293fc44dcf3f31f",
                "sha256:f0e25bb91e7a02efccb50aba6591d3fe2c725479e34769802fcdd4076abfa917",
                "sha256:f23951a53d18398ef1344c186fb04b26163ca6ce449ebd23404b153fd111ded9",
                "sha256:ff7d241f866b718e4584fa95f520cb19405220c501bd3a53ee11871ba5166ea2"
            ],
            "markers": "python_version >= '3.6'",
            "version": "==2.10.0"
        },
        "idna": {
            "hashes": [
                "sha256:14475042e284991034cb48e06f6851428fb14c4dc953acd9be9a5e95c7b6dd7a",
                "sha256:467fbad99067910785144ce333826c71fb0e63a425657295239737f7ecd125f3"
            ],
            "markers": "python_version >= '3'",
            "version": "==3.2"
        },
        "importlib-metadata": {
            "hashes": [
                "sha256:079ada16b7fc30dfbb5d13399a5113110dab1aa7c2bc62f66af75f0b717c8cac",
                "sha256:9f55f560e116f8643ecf2922d9cd3e1c7e8d52e683178fecd9d08f6aa357e11e"
            ],
            "markers": "python_version < '3.8'",
            "version": "==4.6.1"
        },
        "imutils": {
            "hashes": [
                "sha256:857af6169d90e4a0a814130b9b107f5d611150ce440107e1c1233521c6fb1e2b"
            ],
            "index": "pypi",
            "version": "==0.5.3"
        },
        "keras-preprocessing": {
            "hashes": [
                "sha256:7b82029b130ff61cc99b55f3bd27427df4838576838c5b2f65940e4fcec99a7b",
                "sha256:add82567c50c8bc648c14195bf544a5ce7c1f76761536956c3d2978970179ef3"
            ],
            "version": "==1.1.2"
        },
        "markdown": {
            "hashes": [
                "sha256:31b5b491868dcc87d6c24b7e3d19a0d730d59d3e46f4eea6430a321bed387a49",
                "sha256:96c3ba1261de2f7547b46a00ea8463832c921d3f9d6aba3f255a6f71386db20c"
            ],
            "markers": "python_version >= '3.6'",
            "version": "==3.3.4"
        },
        "numpy": {
            "hashes": [
                "sha256:012426a41bc9ab63bb158635aecccc7610e3eff5d31d1eb43bc099debc979d94",
                "sha256:06fab248a088e439402141ea04f0fffb203723148f6ee791e9c75b3e9e82f080",
                "sha256:0eef32ca3132a48e43f6a0f5a82cb508f22ce5a3d6f67a8329c81c8e226d3f6e",
                "sha256:1ded4fce9cfaaf24e7a0ab51b7a87be9038ea1ace7f34b841fe3b6894c721d1c",
                "sha256:2e55195bc1c6b705bfd8ad6f288b38b11b1af32f3c8289d6c50d47f950c12e76",
                "sha256:2ea52bd92ab9f768cc64a4c3ef8f4b2580a17af0a5436f6126b08efbd1838371",
                "sha256:36674959eed6957e61f11c912f71e78857a8d0604171dfd9ce9ad5cbf41c511c",
                "sha256:384ec0463d1c2671170901994aeb6dce126de0a95ccc3976c43b0038a37329c2",
                "sha256:39b70c19ec771805081578cc936bbe95336798b7edf4732ed102e7a43ec5c07a",
                "sha256:400580cbd3cff6ffa6293df2278c75aef2d58d8d93d3c5614cd67981dae68ceb",
                "sha256:43d4c81d5ffdff6bae58d66a3cd7f54a7acd9a0e7b18d97abb255defc09e3140",
                "sha256:50a4a0ad0111cc1b71fa32dedd05fa239f7fb5a43a40663269bb5dc7877cfd28",
                "sha256:603aa0706be710eea8884af807b1b3bc9fb2e49b9f4da439e76000f3b3c6ff0f",
                "sha256:6149a185cece5ee78d1d196938b2a8f9d09f5a5ebfbba66969302a778d5ddd1d",
                "sha256:759e4095edc3c1b3ac031f34d9459fa781777a93ccc633a472a5468587a190ff",
                "sha256:7fb43004bce0ca31d8f13a6eb5e943fa73371381e53f7074ed21a4cb786c32f8",
                "sha256:811daee36a58dc79cf3d8bdd4a490e4277d0e4b7d103a001a4e73ddb48e7e6aa",
                "sha256:8b5e972b43c8fc27d56550b4120fe6257fdc15f9301914380b27f74856299fea",
                "sha256:99abf4f353c3d1a0c7a5f27699482c987cf663b1eac20db59b8c7b061eabd7fc",
                "sha256:a0d53e51a6cb6f0d9082decb7a4cb6dfb33055308c4c44f53103c073f649af73",
                "sha256:a12ff4c8ddfee61f90a1633a4c4afd3f7bcb32b11c52026c92a12e1325922d0d",
                "sha256:a4646724fba402aa7504cd48b4b50e783296b5e10a524c7a6da62e4a8ac9698d",
                "sha256:a76f502430dd98d7546e1ea2250a7360c065a5fdea52b2dffe8ae7180909b6f4",
                "sha256:a9d17f2be3b427fbb2bce61e596cf555d6f8a56c222bd2ca148baeeb5e5c783c",
                "sha256:ab83f24d5c52d60dbc8cd0528759532736b56db58adaa7b5f1f76ad551416a1e",
                "sha256:aeb9ed923be74e659984e321f609b9ba54a48354bfd168d21a2b072ed1e833ea",
                "sha256:c843b3f50d1ab7361ca4f0b3639bf691569493a56808a0b0c54a051d260b7dbd",
                "sha256:cae865b1cae1ec2663d8ea56ef6ff185bad091a5e33ebbadd98de2cfa3fa668f",
                "sha256:cc6bd4fd593cb261332568485e20a0712883cf631f6f5e8e86a52caa8b2b50ff",
                "sha256:cf2402002d3d9f91c8b01e66fbb436a4ed01c6498fffed0e4c7566da1d40ee1e",
                "sha256:d051ec1c64b85ecc69531e1137bb9751c6830772ee5c1c426dbcfe98ef5788d7",
                "sha256:d6631f2e867676b13026e2846180e2c13c1e11289d67da08d71cacb2cd93d4aa",
                "sha256:dbd18bcf4889b720ba13a27ec2f2aac1981bd41203b3a3b27ba7a33f88ae4827",
                "sha256:df609c82f18c5b9f6cb97271f03315ff0dbe481a2a02e56aeb1b1a985ce38e60"
            ],
            "markers": "python_version >= '3.6'",
            "version": "==1.19.5"
        },
        "oauthlib": {
            "hashes": [
                "sha256:42bf6354c2ed8c6acb54d971fce6f88193d97297e18602a3a886603f9d7730cc",
                "sha256:8f0215fcc533dd8dd1bee6f4c412d4f0cd7297307d43ac61666389e3bc3198a3"
            ],
            "markers": "python_version >= '3.6'",
            "version": "==3.1.1"
        },
        "onnx": {
            "hashes": [
                "sha256:051ac54cb08d9a1ae0dec5fbd79c7604ceb97ddb678bc4145e49a3f4da5d928c",
                "sha256:0cae2a5511cf8522aea726507abad2aa85a5406f5ff7232ba937aadf71f77220",
                "sha256:130d63b6f7bfee367c7693350fe4caea6b7067d254704bb20d136c6e7460ec56",
                "sha256:3b88c3fe521151651a0403c4d131cb2e0311bd28b753ef692020a432a81ce345",
                "sha256:40a47587025092c9d033f50fe4b9395c021539bcacbbaa141673ecd5eeca0aa0",
                "sha256:4204fca478bcf668c606470b52cd3f42b111dcf5503b32c46480cabd9b9d4387",
                "sha256:42298189743d9f390890c31907bad74899bf023bbb52c68a94b1f6d534468571",
                "sha256:48acb524204137bd52a312709cb52a693832cce9e72c8f39db382d826e4bb6ec",
                "sha256:4a47a4813647d07cb544429e12cf5a71262bc82edd9237c4ae91219b4ef841af",
                "sha256:4fbe1630e33bd8d79d4e17a23d24bd8e464871dde37cb21e648c3728d33e64e2",
                "sha256:6c90c2fdb0836e6fadd093ca053d6cebd00ac4a774759002b0b0860d652a3d31",
                "sha256:912264fedd3df4647b31a4b7cd167982d54b4641eaf91bc1a9982c5eb9ebcb5f",
                "sha256:926f73ad969ce649ae68be1f2255d7825a703a915a2766de8ec3f73b282f154f",
                "sha256:988e20a30b38de2977f61c745ae68931ad9edbc8a687287e38555d17cd25df9d",
                "sha256:9b32e04abe02cba4c4edb6c3cc15db917e734521ca8631e46bea3971a142d709",
                "sha256:a78d7f0b784b26890f50cb48d7b1718db63f10ed3196cb023dd70631001c73a3",
                "sha256:a7e3ab3e81684bc75ac5476b5f2c690ad8d250bc8ece02eed5445c115577e6e4",
                "sha256:c67867a426eb661c661d7b2adea5c7876d7c5478b8d5af3c26bb40839b06e8c5",
                "sha256:d169bebc845e9869f229b8e3f65e3144e647a251ae9594efae52de23502d6b13",
                "sha256:d390ed80b8b1cffa23e25cd4e4a3f3a95c70f438cf5f160659f74f4ab5f6ee04",
                "sha256:f21a7ea757cea83067ce0d2f98b701a5980b0166fc0c0f1202550fdfe16a1c80"
            ],
            "index": "pypi",
            "version": "==1.6.0"
        },
        "onnx-tf": {
            "hashes": [
                "sha256:0a8e5e1e7baf269a98dc13a2b10fbf47129cf1e15c2f6a7df81d1624db99076a",
                "sha256:f4641053780c196406afcc2a319fa0ac3cab3741180bbc0a8f7a61f884f6d695"
            ],
            "index": "pypi",
            "version": "==1.3.0"
        },
        "onnxruntime": {
            "hashes": [
                "sha256:0eaf32755a11a40c0fc86d2cb696ff5214d29d6645a0469d300544dc4ff07ce6",
                "sha256:518d5b5fcf7747885122bd9501922f6b94c3470982aa38c3976f2ab70821d005",
                "sha256:51be73e3c09cff6fcfef504f5f7132cf05a4dcf0eb08acf257b4a71e9a512c28",
                "sha256:5c610b0d0cc5962a331e820e989fa0aa984cba477c55cb6163608b7d3e04d258",
                "sha256:a4e9208db338cb2f6e4121a44e50ec8f2a5a4f17ebb9f023cbb27ae31eb3b87f",
                "sha256:c77972deac9a4bac3177e03a4dd6fd373824b9a1730b649622d1d602c5c21fa7",
                "sha256:e23824f4b4cf7d24a8dda36f3692378aeae6de9671a901e4ab5faf78e0a6fdb7",
                "sha256:ea02522a3799d94bceace0da9c1c9ffc1db4d694506a6184afd4c7b8c9e8aaef",
                "sha256:ea25baa3c0198bd70367ceab77ead17a5f88fc45459ef90ba39120cb9149d862"
            ],
            "index": "pypi",
            "version": "==0.5.0"
        },
        "opencv-python": {
            "hashes": [
                "sha256:01505b131dc35f60e99a5da98b77156e37f872ae0ff5596e5e68d526bb572d3c",
                "sha256:0478a1037505ddde312806c960a5e8958d2cf7a2885e8f2f5dde74c4028e0b04",
                "sha256:17810b89f9ef8e8537e75332acf533e619e26ccadbf1b73f24bf338f2d327ddd",
                "sha256:19ad2ea9fb32946761b47b9d6eed51876a8329da127f27788263fecd66651ba0",
                "sha256:1a250edb739baf3e7c25d99a2ee252aac4f59a97e0bee39237eaa490fd0281d3",
                "sha256:3505468970448f66cd776cb9e179570c87988f94b5cf9bcbc4c2d88bd88bbdf1",
                "sha256:4e04a91da157885359f487534433340b2d709927559c80acf62c28167e59be02",
                "sha256:5a49cffcdec5e37217672579c3343565926d999642844efa9c6a031ed5f32318",
                "sha256:604b2ce3d4a86480ced0813da7fba269b4605ad9fea26cd2144d8077928d4b49",
                "sha256:61cbb8fa9565a0480c46028599431ad8f19181a7fac8070a700515fd54cd7377",
                "sha256:62d7c6e511c9454f099616315c695d02a584048e1affe034b39160db7a2ae34d",
                "sha256:6555272dd9efd412d17cdc1a4f4c2da5753c099d95d9ff01aca54bb9782fb5cf",
                "sha256:67d994c6b2b14cb9239e85dc7dfa6c08ef7cf6eb4def80c0af6141dfacc8cbb9",
                "sha256:68c9cbe538666c4667523821cc56caee49389bea06bae4c0fc2cd68bd264226a",
                "sha256:822ad8f628a9498f569c57d30865f5ef9ee17824cee0a1d456211f742028c135",
                "sha256:82d972429eb4fee22c1dc4204af2a2e981f010e5e4f66daea2a6c68381b79184",
                "sha256:9128924f5b58269ee221b8cf2d736f31bd3bb0391b92ee8504caadd68c8176a2",
                "sha256:9172cf8270572c494d8b2ae12ef87c0f6eed9d132927e614099f76843b0c91d7",
                "sha256:952bce4d30a8287b17721ddaad7f115dab268efee8576249ddfede80ec2ce404",
                "sha256:a8147718e70b1f170a3d26518e992160137365a4db0ed82a9efd3040f9f660d4",
                "sha256:bfdb636a3796ff223460ea0fcfda906b3b54f4bef22ae433a5b67e66fab00b25",
                "sha256:c9c3f27867153634e1083390920067008ebaaab78aeb09c4e0274e69746cb2c8",
                "sha256:d69be21973d450a4662ae6bd1b3df6b1af030e448d7276380b0d1adf7c8c2ae6",
                "sha256:db1479636812a6579a3753b72a6fefaa73190f32bf7b19e483f8bc750cebe1a5",
                "sha256:db8313d755962a7dd61e5c22a651e0743208adfdb255c6ec8904ce9cb02940c6",
                "sha256:e4625a6b032e7797958aeb630d6e3e91e3896d285020aae612e6d7b342d6dfea",
                "sha256:e8397a26966a1290836a52c34b362aabc65a422b9ffabcbbdec1862f023ccab8"
            ],
            "index": "pypi",
            "version": "==4.1.1.26"
        },
        "opt-einsum": {
            "hashes": [
                "sha256:2455e59e3947d3c275477df7f5205b30635e266fe6dc300e3d9f9646bfcea147",
                "sha256:59f6475f77bbc37dcf7cd748519c0ec60722e91e63ca114e68821c0c54a46549"
            ],
            "markers": "python_version >= '3.5'",
            "version": "==3.3.0"
        },
        "protobuf": {
            "hashes": [
                "sha256:13ee7be3c2d9a5d2b42a1030976f760f28755fcf5863c55b1460fd205e6cd637",
                "sha256:145ce0af55c4259ca74993ddab3479c78af064002ec8227beb3d944405123c71",
                "sha256:14c1c9377a7ffbeaccd4722ab0aa900091f52b516ad89c4b0c3bb0a4af903ba5",
                "sha256:1556a1049ccec58c7855a78d27e5c6e70e95103b32de9142bae0576e9200a1b0",
                "sha256:26010f693b675ff5a1d0e1bdb17689b8b716a18709113288fead438703d45539",
                "sha256:2ae692bb6d1992afb6b74348e7bb648a75bb0d3565a3f5eea5bec8f62bd06d87",
                "sha256:2bfb815216a9cd9faec52b16fd2bfa68437a44b67c56bee59bc3926522ecb04e",
                "sha256:4ffbd23640bb7403574f7aff8368e2aeb2ec9a5c6306580be48ac59a6bac8bde",
                "sha256:59e5cf6b737c3a376932fbfb869043415f7c16a0cf176ab30a5bbc419cd709c1",
                "sha256:6902a1e4b7a319ec611a7345ff81b6b004b36b0d2196ce7a748b3493da3d226d",
                "sha256:6ce4d8bf0321e7b2d4395e253f8002a1a5ffbcfd7bcc0a6ba46712c07d47d0b4",
                "sha256:6d847c59963c03fd7a0cd7c488cadfa10cda4fff34d8bc8cba92935a91b7a037",
                "sha256:72804ea5eaa9c22a090d2803813e280fb273b62d5ae497aaf3553d141c4fdd7b",
                "sha256:7a4c97961e9e5b03a56f9a6c82742ed55375c4a25f2692b625d4087d02ed31b9",
                "sha256:85d6303e4adade2827e43c2b54114d9a6ea547b671cb63fafd5011dc47d0e13d",
                "sha256:8727ee027157516e2c311f218ebf2260a18088ffb2d29473e82add217d196b1c",
                "sha256:99938f2a2d7ca6563c0ade0c5ca8982264c484fdecf418bd68e880a7ab5730b1",
                "sha256:9b7a5c1022e0fa0dbde7fd03682d07d14624ad870ae52054849d8960f04bc764",
                "sha256:a22b3a0dbac6544dacbafd4c5f6a29e389a50e3b193e2c70dae6bbf7930f651d",
                "sha256:a38bac25f51c93e4be4092c88b2568b9f407c27217d3dd23c7a57fa522a17554",
                "sha256:a981222367fb4210a10a929ad5983ae93bd5a050a0824fc35d6371c07b78caf6",
                "sha256:ab6bb0e270c6c58e7ff4345b3a803cc59dbee19ddf77a4719c5b635f1d547aa8",
                "sha256:c56c050a947186ba51de4f94ab441d7f04fcd44c56df6e922369cc2e1a92d683",
                "sha256:e76d9686e088fece2450dbc7ee905f9be904e427341d289acbe9ad00b78ebd47",
                "sha256:ebcb546f10069b56dc2e3da35e003a02076aaa377caf8530fe9789570984a8d2",
                "sha256:f0e59430ee953184a703a324b8ec52f571c6c4259d496a19d1cabcdc19dabc62",
                "sha256:ffea251f5cd3c0b9b43c7a7a912777e0bc86263436a87c2555242a348817221b"
            ],
            "version": "==3.17.3"
        },
        "pyasn1": {
            "hashes": [
                "sha256:014c0e9976956a08139dc0712ae195324a75e142284d5f87f1a87ee1b068a359",
                "sha256:03840c999ba71680a131cfaee6fab142e1ed9bbd9c693e285cc6aca0d555e576",
                "sha256:0458773cfe65b153891ac249bcf1b5f8f320b7c2ce462151f8fa74de8934becf",
                "sha256:08c3c53b75eaa48d71cf8c710312316392ed40899cb34710d092e96745a358b7",
                "sha256:39c7e2ec30515947ff4e87fb6f456dfc6e84857d34be479c9d4a4ba4bf46aa5d",
                "sha256:5c9414dcfede6e441f7e8f81b43b34e834731003427e5b09e4e00e3172a10f00",
                "sha256:6e7545f1a61025a4e58bb336952c5061697da694db1cae97b116e9c46abcf7c8",
                "sha256:78fa6da68ed2727915c4767bb386ab32cdba863caa7dbe473eaae45f9959da86",
                "sha256:7ab8a544af125fb704feadb008c99a88805126fb525280b2270bb25cc1d78a12",
                "sha256:99fcc3c8d804d1bc6d9a099921e39d827026409a58f2a720dcdb89374ea0c776",
                "sha256:aef77c9fb94a3ac588e87841208bdec464471d9871bd5050a287cc9a475cd0ba",
                "sha256:e89bf84b5437b532b0803ba5c9a5e054d21fec423a89952a74f87fa2c9b7bce2",
                "sha256:fec3e9d8e36808a28efb59b489e4528c10ad0f480e57dcc32b4de5c9d8c9fdf3"
            ],
            "version": "==0.4.8"
        },
        "pyasn1-modules": {
            "hashes": [
                "sha256:0845a5582f6a02bb3e1bde9ecfc4bfcae6ec3210dd270522fee602365430c3f8",
                "sha256:0fe1b68d1e486a1ed5473f1302bd991c1611d319bba158e98b106ff86e1d7199",
                "sha256:15b7c67fabc7fc240d87fb9aabf999cf82311a6d6fb2c70d00d3d0604878c811",
                "sha256:426edb7a5e8879f1ec54a1864f16b882c2837bfd06eee62f2c982315ee2473ed",
                "sha256:65cebbaffc913f4fe9e4808735c95ea22d7a7775646ab690518c056784bc21b4",
                "sha256:905f84c712230b2c592c19470d3ca8d552de726050d1d1716282a1f6146be65e",
                "sha256:a50b808ffeb97cb3601dd25981f6b016cbb3d31fbf57a8b8a87428e6158d0c74",
                "sha256:a99324196732f53093a84c4369c996713eb8c89d360a496b599fb1a9c47fc3eb",
                "sha256:b80486a6c77252ea3a3e9b1e360bc9cf28eaac41263d173c032581ad2f20fe45",
                "sha256:c29a5e5cc7a3f05926aff34e097e84f8589cd790ce0ed41b67aed6857b26aafd",
                "sha256:cbac4bc38d117f2a49aeedec4407d23e8866ea4ac27ff2cf7fb3e5b570df19e0",
                "sha256:f39edd8c4ecaa4556e989147ebf219227e2cd2e8a43c7e7fcb1f1c18c5fd6a3d",
                "sha256:fe0644d9ab041506b62782e92b06b8c68cca799e1a9636ec398675459e031405"
            ],
            "version": "==0.2.8"
        },
        "pynput": {
            "hashes": [
                "sha256:452e1f23ed1c2e85e61b2daedc8b6a5481a696b1ed1b98ef0ab164038a104adf",
                "sha256:5a5598bfb14322eff980ac6ca820635fce9028faa4f64a8e1581243aaf6785ee",
                "sha256:b2b96cec8411a940a7f73da6965f13927d03d46fb5105c5bc63ed04f29b2b8f0"
            ],
            "index": "pypi",
            "version": "==1.7.1"
        },
        "python-xlib": {
            "hashes": [
                "sha256:1ec6ce0de73d9e6592ead666779a5732b384e5b8fb1f1886bd0a81cafa477759",
                "sha256:74d83a081f532bc07f6d7afcd6416ec38403d68f68b9b9dc9e1f28fbf2d799e9"
            ],
            "markers": "'linux' in sys_platform",
            "version": "==0.31"
        },
        "pyyaml": {
            "hashes": [
                "sha256:08682f6b72c722394747bddaf0aa62277e02557c0fd1c42cb853016a38f8dedf",
                "sha256:0f5f5786c0e09baddcd8b4b45f20a7b5d61a7e7e99846e3c799b05c7c53fa696",
                "sha256:129def1b7c1bf22faffd67b8f3724645203b79d8f4cc81f674654d9902cb4393",
                "sha256:294db365efa064d00b8d1ef65d8ea2c3426ac366c0c4368d930bf1c5fb497f77",
                "sha256:3b2b1824fe7112845700f815ff6a489360226a5609b96ec2190a45e62a9fc922",
                "sha256:3bd0e463264cf257d1ffd2e40223b197271046d09dadf73a0fe82b9c1fc385a5",
                "sha256:4465124ef1b18d9ace298060f4eccc64b0850899ac4ac53294547536533800c8",
                "sha256:49d4cdd9065b9b6e206d0595fee27a96b5dd22618e7520c33204a4a3239d5b10",
                "sha256:4e0583d24c881e14342eaf4ec5fbc97f934b999a6828693a99157fde912540cc",
                "sha256:5accb17103e43963b80e6f837831f38d314a0495500067cb25afab2e8d7a4018",
                "sha256:607774cbba28732bfa802b54baa7484215f530991055bb562efbed5b2f20a45e",
                "sha256:6c78645d400265a062508ae399b60b8c167bf003db364ecb26dcab2bda048253",
                "sha256:72a01f726a9c7851ca9bfad6fd09ca4e090a023c00945ea05ba1638c09dc3347",
                "sha256:74c1485f7707cf707a7aef42ef6322b8f97921bd89be2ab6317fd782c2d53183",
                "sha256:895f61ef02e8fed38159bb70f7e100e00f471eae2bc838cd0f4ebb21e28f8541",
                "sha256:8c1be557ee92a20f184922c7b6424e8ab6691788e6d86137c5d93c1a6ec1b8fb",
                "sha256:bb4191dfc9306777bc594117aee052446b3fa88737cd13b7188d0e7aa8162185",
                "sha256:bfb51918d4ff3d77c1c856a9699f8492c612cde32fd3bcd344af9be34999bfdc",
                "sha256:c20cfa2d49991c8b4147af39859b167664f2ad4561704ee74c1de03318e898db",
                "sha256:cb333c16912324fd5f769fff6bc5de372e9e7a202247b48870bc251ed40239aa",
                "sha256:d2d9808ea7b4af864f35ea216be506ecec180628aced0704e34aca0b040ffe46",
                "sha256:d483ad4e639292c90170eb6f7783ad19490e7a8defb3e46f97dfe4bacae89122",
                "sha256:dd5de0646207f053eb0d6c74ae45ba98c3395a571a2891858e87df7c9b9bd51b",
                "sha256:e1d4970ea66be07ae37a3c2e48b5ec63f7ba6804bdddfdbd3cfd954d25a82e63",
                "sha256:e4fac90784481d221a8e4b1162afa7c47ed953be40d31ab4629ae917510051df",
                "sha256:fa5ae20527d8e831e8230cbffd9f8fe952815b2b7dae6ffec25318803a7528fc",
                "sha256:fd7f6999a8070df521b6384004ef42833b9bd62cfee11a09bda1079b4b704247",
                "sha256:fdc842473cd33f45ff6bce46aea678a54e3d21f1b61a7750ce3c498eedfe25d6",
                "sha256:fe69978f3f768926cfa37b867e3843918e012cf83f680806599ddce33c2c68b0"
            ],
            "markers": "python_version >= '2.7' and python_version not in '3.0, 3.1, 3.2, 3.3, 3.4, 3.5'",
            "version": "==5.4.1"
        },
        "requests": {
            "hashes": [
                "sha256:6c1246513ecd5ecd4528a0906f910e8f0f9c6b8ec72030dc9fd154dc1a6efd24",
                "sha256:b8aa58f8cf793ffd8782d3d8cb19e66ef36f7aba4353eec859e74678b01b07a7"
            ],
            "markers": "python_version >= '2.7' and python_version not in '3.0, 3.1, 3.2, 3.3, 3.4, 3.5'",
            "version": "==2.26.0"
        },
        "requests-oauthlib": {
            "hashes": [
                "sha256:7f71572defaecd16372f9006f33c2ec8c077c3cfa6f5911a9a90202beb513f3d",
                "sha256:b4261601a71fd721a8bd6d7aa1cc1d6a8a93b4a9f5e96626f8e4d91e8beeaa6a",
                "sha256:fa6c47b933f01060936d87ae9327fead68768b69c6c9ea2109c48be30f2d4dbc"
            ],
            "version": "==1.3.0"
        },
        "rsa": {
            "hashes": [
                "sha256:78f9a9bf4e7be0c5ded4583326e7461e3a3c5aae24073648b4bdfa797d78c9d2",
                "sha256:9d689e6ca1b3038bc82bf8d23e944b6b6037bc02301a574935b2dd946e0353b9"
            ],
            "markers": "python_version >= '3.6'",
            "version": "==4.7.2"
        },
        "six": {
            "hashes": [
                "sha256:30639c035cdb23534cd4aa2dd52c3bf48f06e5f4a941509c8bafd8ce11080259",
                "sha256:8b74bedcbbbaca38ff6d7491d76f2b06b3592611af620f8426e82dddb04a5ced"
            ],
            "markers": "python_version >= '2.7' and python_version not in '3.0, 3.1, 3.2, 3.3'",
            "version": "==1.15.0"
        },
        "tensorboard": {
            "hashes": [
                "sha256:e167460085b6528956b33bab1c970c989cdce47a6616273880733f5e7bde452e"
            ],
            "markers": "python_version >= '2.7' and python_version not in '3.0, 3.1, 3.2, 3.3'",
            "version": "==2.5.0"
        },
        "tensorboard-data-server": {
            "hashes": [
                "sha256:809fe9887682d35c1f7d1f54f0f40f98bb1f771b14265b453ca051e2ce58fca7",
                "sha256:d8237580755e58eff68d1f3abefb5b1e39ae5c8b127cc40920f9c4fb33f4b98a",
                "sha256:fa8cef9be4fcae2f2363c88176638baf2da19c5ec90addb49b1cde05c95c88ee"
            ],
            "markers": "python_version >= '3.6'",
            "version": "==0.6.1"
        },
        "tensorboard-plugin-wit": {
            "hashes": [
                "sha256:2a80d1c551d741e99b2f197bb915d8a133e24adb8da1732b840041860f91183a"
            ],
            "version": "==1.8.0"
        },
        "tensorflow": {
            "hashes": [
                "sha256:1cd6f5173fce640fe5e91cc7acd0d2584129a6e585e6be78490b068f6d7047eb",
                "sha256:30ddf84efeda4775fbc41d7b6a45a76481583e3a5471ea8046bb5c86ee25134c",
                "sha256:3b4160925685614c69284f4e6d74d699cf21f58f8bcb277645e1b44a2ab04b75",
                "sha256:5d0ce994284e18bb84c0a7e56911a477f0b2b643ee3086a86d4cf8e2e90518a0",
                "sha256:6bc0b2b778404e43ac7a6c06674b6150ee93d38914c0a98b047a50972fc54aa7",
                "sha256:a768ae4260f62df5e07f9e207b0267fa234cd3c3841c8454e207a9311c9600fc",
                "sha256:b15cf61817b783f93b4ecc41072b4ad8d709bdb37fed3f63daea681203850c46",
                "sha256:e675d4b18ee054eba4a3e4d0b789721cb9e9dc4f5f29e4e9ff3513e08bec0218",
                "sha256:ef8b1c22932cacbcc857621338b20a596ca4e8e77a88a00d8028938bf9c35f21"
            ],
            "index": "pypi",
            "version": "==2.4.2"
        },
        "tensorflow-estimator": {
            "hashes": [
                "sha256:5b7b7bf2debe19a8794adacc43e8ba6459daa4efaf54d3302623994a359b17f0"
            ],
            "version": "==2.4.0"
        },
        "termcolor": {
            "hashes": [
                "sha256:1d6d69ce66211143803fbc56652b41d73b4a400a2891d7bf7a1cdf4c02de613b"
            ],
            "version": "==1.1.0"
        },
        "typing-extensions": {
            "hashes": [
                "sha256:7cb407020f00f7bfc3cb3e7881628838e69d8f3fcab2f64742a5e76b2f841918",
                "sha256:99d4073b617d30288f569d3f13d2bd7548c3a7e4c8de87db09a9d29bb3a4a60c",
                "sha256:dafc7639cde7f1b6e1acc0f457842a83e722ccca8eef5270af2d74792619a89f"
            ],
            "markers": "python_version < '3.8'",
            "version": "==3.7.4.3"
        },
        "urllib3": {
            "hashes": [
                "sha256:39fb8672126159acb139a7718dd10806104dec1e2f0f6c88aab05d17df10c8d4",
                "sha256:f57b4c16c62fa2760b7e3d97c35b255512fb6b59a259730f36ba32ce9f8e342f"
            ],
            "markers": "python_version >= '2.7' and python_version not in '3.0, 3.1, 3.2, 3.3, 3.4' and python_version < '4'",
            "version": "==1.26.6"
        },
        "v4l2": {
            "git": "https://github.com/antmicro/python3-v4l2.git",
            "ref": "eefd091c1e56b176beed31e7f7bc7c07cc8cc446"
        },
        "werkzeug": {
            "hashes": [
                "sha256:1de1db30d010ff1af14a009224ec49ab2329ad2cde454c8a708130642d579c42",
                "sha256:6c1ec500dcdba0baa27600f6a22f6333d8b662d22027ff9f6202e3367413caa8"
            ],
            "markers": "python_version >= '3.6'",
            "version": "==2.0.1"
        },
        "wheel": {
            "hashes": [
                "sha256:78b5b185f0e5763c26ca1e324373aadd49182ca90e825f7853f4b2509215dc0e",
                "sha256:e11eefd162658ea59a60a0f6c7d493a7190ea4b9a85e335b33489d9f17e0245e"
            ],
            "markers": "python_version >= '3'",
            "version": "==0.36.2"
        },
        "wrapt": {
            "hashes": [
                "sha256:b62ffa81fb85f4332a4f609cab4ac40709470da05643a082ec1eb88e6d9b97d7"
            ],
            "version": "==1.12.1"
        },
        "zipp": {
            "hashes": [
                "sha256:957cfda87797e389580cb8b9e3870841ca991e2125350677b2ca83a0e99390a3",
                "sha256:f5812b1e007e48cff63449a5e9f4e7ebea716b4111f9c4f9a645f91d579bf0c4"
            ],
            "markers": "python_version >= '3.6'",
            "version": "==3.5.0"
        }
    },
    "develop": {
        "flake8": {
            "hashes": [
                "sha256:749dbbd6bfd0cf1318af27bf97a14e28e5ff548ef8e5b1566ccfb25a11e7c839",
                "sha256:aadae8761ec651813c24be05c6f7b4680857ef6afaae4651a4eccaef97ce6c3b"
            ],
            "index": "pypi",
            "version": "==3.8.4"
        },
        "importlib-metadata": {
            "hashes": [
                "sha256:079ada16b7fc30dfbb5d13399a5113110dab1aa7c2bc62f66af75f0b717c8cac",
                "sha256:9f55f560e116f8643ecf2922d9cd3e1c7e8d52e683178fecd9d08f6aa357e11e"
            ],
            "markers": "python_version < '3.8'",
            "version": "==4.6.1"
        },
        "mccabe": {
            "hashes": [
                "sha256:ab8a6258860da4b6677da4bd2fe5dc2c659cff31b3ee4f7f5d64e79735b80d42",
                "sha256:dd8d182285a0fe56bace7f45b5e7d1a6ebcbf524e8f3bd87eb0f125271b8831f"
            ],
            "version": "==0.6.1"
        },
        "pycodestyle": {
            "hashes": [
                "sha256:2295e7b2f6b5bd100585ebcb1f616591b652db8a741695b3d8f5d28bdc934367",
                "sha256:c58a7d2815e0e8d7972bf1803331fb0152f867bd89adf8a01dfd55085434192e"
            ],
            "markers": "python_version >= '2.7' and python_version not in '3.0, 3.1, 3.2, 3.3'",
            "version": "==2.6.0"
        },
        "pyflakes": {
            "hashes": [
                "sha256:0d94e0e05a19e57a99444b6ddcf9a6eb2e5c68d3ca1e98e90707af8152c90a92",
                "sha256:35b2d75ee967ea93b55750aa9edbbf72813e06a66ba54438df2cfac9e3c27fc8"
            ],
            "markers": "python_version >= '2.7' and python_version not in '3.0, 3.1, 3.2, 3.3'",
            "version": "==2.2.0"
        },
        "typing-extensions": {
            "hashes": [
                "sha256:7cb407020f00f7bfc3cb3e7881628838e69d8f3fcab2f64742a5e76b2f841918",
                "sha256:99d4073b617d30288f569d3f13d2bd7548c3a7e4c8de87db09a9d29bb3a4a60c",
                "sha256:dafc7639cde7f1b6e1acc0f457842a83e722ccca8eef5270af2d74792619a89f"
            ],
            "markers": "python_version < '3.8'",
            "version": "==3.7.4.3"
        },
        "zipp": {
            "hashes": [
                "sha256:957cfda87797e389580cb8b9e3870841ca991e2125350677b2ca83a0e99390a3",
                "sha256:f5812b1e007e48cff63449a5e9f4e7ebea716b4111f9c4f9a645f91d579bf0c4"
            ],
            "markers": "python_version >= '3.6'",
            "version": "==3.5.0"
        }
    }
}
