{
    "_meta": {
        "hash": {
            "sha256": "4de7483d7857d2995847f5677edbcadac4a824c72925dd0eaa2825e74407a574"
        },
        "pipfile-spec": 6,
        "requires": {
            "python_version": "2.7"
        },
        "sources": [
            {
                "name": "pypi",
                "url": "https://pypi.org/simple",
                "verify_ssl": true
            }
        ]
    },
    "default": {
        "v4l2": {
            "hashes": [
                "sha256:0d8f31f9d554ded4d0b50a31a7be5590b861df9e1ba256ee757e1c09175dd4a2"
            ],
            "index": "pypi",
            "version": "==0.2"
        }
    },
    "develop": {
        "autopep8": {
            "hashes": [
                "sha256:152fd8fe47d02082be86e05001ec23d6f420086db56b17fc883f3f965fb34954"
            ],
            "index": "pypi",
            "version": "==1.5.2"
        },
        "pycodestyle": {
            "hashes": [
                "sha256:95a2219d12372f05704562a14ec30bc76b05a5b297b21a5dfe3f6fac3491ae56",
                "sha256:e40a936c9a450ad81df37f549d676d127b1b66000a6c500caa2b085bc0ca976c"
            ],
            "version": "==2.5.0"
        }
    }
}
